
Microsoft Visual Studio Solution File, Format Version 12.00
# Visual Studio Version 17
VisualStudioVersion = 17.0.31903.59
MinimumVisualStudioVersion = 10.0.40219.1
Project("{FAE04EC0-301F-11D3-BF4B-00C04F79EFBC}") = "FlatMath.Schemas", "FlatMath.Schemas\FlatMath.Schemas.csproj", "{9EA0A259-5188-400C-9C4B-B8274955F181}"
EndProject
Project("{2150E333-8FDC-42A3-9474-1A3956D46DE8}") = "Tests", "Tests", "{74A9B128-6DCC-48CE-94E9-2EB894031EB1}"
EndProject
Project("{FAE04EC0-301F-11D3-BF4B-00C04F79EFBC}") = "Functionality", "Tests\Functionality\Functionality.csproj", "{E19B2AA9-A4D0-4726-9D41-0A7A42006F81}"
EndProject
Global
	GlobalSection(SolutionConfigurationPlatforms) = preSolution
		Debug|Any CPU = Debug|Any CPU
		Release|Any CPU = Release|Any CPU
	EndGlobalSection
	GlobalSection(SolutionProperties) = preSolution
		HideSolutionNode = FALSE
	EndGlobalSection
	GlobalSection(ProjectConfigurationPlatforms) = postSolution
		{9EA0A259-5188-400C-9C4B-B8274955F181}.Debug|Any CPU.ActiveCfg = Debug|Any CPU
		{9EA0A259-5188-400C-9C4B-B8274955F181}.Debug|Any CPU.Build.0 = Debug|Any CPU
		{9EA0A259-5188-400C-9C4B-B8274955F181}.Release|Any CPU.ActiveCfg = Release|Any CPU
		{9EA0A259-5188-400C-9C4B-B8274955F181}.Release|Any CPU.Build.0 = Release|Any CPU
		{E19B2AA9-A4D0-4726-9D41-0A7A42006F81}.Debug|Any CPU.ActiveCfg = Debug|Any CPU
		{E19B2AA9-A4D0-4726-9D41-0A7A42006F81}.Debug|Any CPU.Build.0 = Debug|Any CPU
		{E19B2AA9-A4D0-4726-9D41-0A7A42006F81}.Release|Any CPU.ActiveCfg = Release|Any CPU
		{E19B2AA9-A4D0-4726-9D41-0A7A42006F81}.Release|Any CPU.Build.0 = Release|Any CPU
	EndGlobalSection
	GlobalSection(NestedProjects) = preSolution
		{E19B2AA9-A4D0-4726-9D41-0A7A42006F81} = {74A9B128-6DCC-48CE-94E9-2EB894031EB1}
	EndGlobalSection
EndGlobal
